# This file is generated by running "yarn install" inside your project.
# Manual changes might be lost - proceed with caution!

__metadata:
  version: 4
  cacheKey: 5

"asynckit@npm:^0.4.0":
  version: 0.4.0
  resolution: "asynckit@npm:0.4.0"
  checksum: a024000b9ddd938e2f27b3cb8188f96a5e1fff58185e98b84862fc4e01de279a547874a800340c2b106bb9de9b0fc61c6c683bc6892abf65e6be29a96addafd3
  languageName: node
  linkType: hard

"combined-stream@npm:^1.0.8":
  version: 1.0.8
  resolution: "combined-stream@npm:1.0.8"
  dependencies:
    delayed-stream: ~1.0.0
  checksum: 5791ce7944530f0db74a97e77ea28b6fdbf89afcf038e41d6b4195019c4c803cd19ed2905a54959e5b3830d50bd5d6f93c681c6d3aaea8614ad43b48e62e9d65
  languageName: node
  linkType: hard

"component-emitter@npm:^1.3.0":
  version: 1.3.0
  resolution: "component-emitter@npm:1.3.0"
  checksum: fc4edbf1014f0aed88dcec33ca02d2938734e428423f640d8a3f94975615b8e8c506c19e29b93949637c5a281353e75fa79e299e0d57732f42a9fe346cb2cad6
  languageName: node
  linkType: hard

"cookiejar@npm:^2.1.2":
  version: 2.1.2
  resolution: "cookiejar@npm:2.1.2"
  checksum: 4c733c15c190798bc1fb724f3044959cabc1565dee7dfc00f99219c7a4189b21cc243ccab52e0708994923f684189a4afa6b01b6b157f8c99273f1001602ac6f
  languageName: node
  linkType: hard

"debug@npm:^4.1.1":
  version: 4.2.0
  resolution: "debug@npm:4.2.0"
  dependencies:
    ms: 2.1.2
  peerDependencies:
    supports-color: "*"
  peerDependenciesMeta:
    supports-color:
      optional: true
  checksum: dcfb8ede26b4d899628a75806923ab9ad29daae7db0f6f1ca6227b660693ae0ca085c7f87261793abe0832ad56aff2afc33f907c6b5dc96a41fc208771feb465
  languageName: node
  linkType: hard

"delayed-stream@npm:~1.0.0":
  version: 1.0.0
  resolution: "delayed-stream@npm:1.0.0"
  checksum: d9dfb0a7c79fd308fada9db2cf29d1ff22047ceb50dd78f7e3c173567909b438f418259cb76a6d9c9f513e88ef41d3a14154f618741ec8368c3efeff616d0c9f
  languageName: node
  linkType: hard

"fast-safe-stringify@npm:^2.0.7":
  version: 2.0.7
  resolution: "fast-safe-stringify@npm:2.0.7"
  checksum: 7bd22543263b707870d70c6f2336b6e8563e34d6807dc388cc0566895e31e0a8273af017a7eb1c9538d0ef54288284e1c0585b557bd856491295a847159fd929
  languageName: node
  linkType: hard

"form-data@npm:^3.0.0":
  version: 3.0.0
  resolution: "form-data@npm:3.0.0"
  dependencies:
    asynckit: ^0.4.0
    combined-stream: ^1.0.8
    mime-types: ^2.1.12
  checksum: 1af88217b449eda6566a0d95185f2baa403ed2a0e3b11547069f6062be66cbac7c8d7a25f0fc59560702e96526e659b5b9e5a8c6fefe00f06da44338191a9133
  languageName: node
  linkType: hard

"formidable@npm:^1.2.2":
  version: 1.2.2
  resolution: "formidable@npm:1.2.2"
  checksum: 9fe5ef38d5881ac16cc8ca78bd3229fbf32b10e0fd3b718ec20f86ea1de7302aa0ffcfa9a9163cec02fc3f825faf9d0533f24539bb20ae6d73b580b526c25edb
  languageName: node
  linkType: hard

"inherits@npm:^2.0.3":
  version: 2.0.4
  resolution: "inherits@npm:2.0.4"
  checksum: 98426da247ddfc3dcd7d7daedd90c3ca32d5b08deca08949726f12d49232aef94772a07b36cf4ff833e105ae2ef931777f6de4a6dd8245a216b9299ad4a50bea
  languageName: node
  linkType: hard

"methods@npm:^1.1.2":
  version: 1.1.2
  resolution: "methods@npm:1.1.2"
  checksum: 450e4ea0fd4a0f3de8c0593d753c7d6c8f2ee49766f5ef35c68cc2ac41699d5e295b7d6330fc2b7271b8569a07857e3eb0b5df0599a353c5808265b4b5066168
  languageName: node
  linkType: hard

"mime-db@npm:1.44.0":
  version: 1.44.0
  resolution: "mime-db@npm:1.44.0"
  checksum: b4e3b2141418572fba9786f7e36324faef15e23032ad0871f56760cb304ee721ba4c8cc795d3c1cac69a2a8b94045c1d6b08c4a8d1ef6ba1226a3a5193915c57
  languageName: node
  linkType: hard

"mime-types@npm:^2.1.12":
  version: 2.1.27
  resolution: "mime-types@npm:2.1.27"
  dependencies:
    mime-db: 1.44.0
  checksum: 51fe2f2c08c10ac7a2f67e2ce5de30f6500faa88d095418a1ab6e90e30960db7c682a8ecce60d3d4e293ac52c4700ca99399833db998ea9ec83d6f0503b70a94
  languageName: node
  linkType: hard

"mime@npm:^2.4.6":
  version: 2.4.6
  resolution: "mime@npm:2.4.6"
  bin:
    mime: cli.js
  checksum: 319ec3858894aa9befa9da90e33c4422506689f1e3e7c939095df68abe848050a51070c78a31061769d9192051a8c9f33d14d6771dc0f2ff309fe846898e0807
  languageName: node
  linkType: hard

"ms@npm:2.1.2":
  version: 2.1.2
  resolution: "ms@npm:2.1.2"
  checksum: 9b65fb709bc30c0c07289dcbdb61ca032acbb9ea5698b55fa62e2cebb04c5953f1876a1f3f7f4bc2e91d4bf4d86003f3e207c3bc6ee2f716f99827e62389cd0e
  languageName: node
  linkType: hard

"qs@npm:^6.9.4":
  version: 6.9.4
  resolution: "qs@npm:6.9.4"
  checksum: beba62d1e1c66e9888cc08a488eb95771c252a92289a96bff4b767a49e4e7afe9487d7ee3269b856292d8281b855ac5eac927c2e77f845e407ee4fe54743fea7
  languageName: node
  linkType: hard

"readable-stream@npm:^3.6.0":
  version: 3.6.0
  resolution: "readable-stream@npm:3.6.0"
  dependencies:
    inherits: ^2.0.3
    string_decoder: ^1.1.1
    util-deprecate: ^1.0.1
  checksum: f178b1daa80d9e58ebba71dbb08486430aa6f0dea3a22a1b7401f3f6983077d0bc0edea43099db06b8d006c9ad48d6383e8fb72c05d5b187670aeaf1b9b44f00
  languageName: node
  linkType: hard

"safe-buffer@npm:~5.2.0":
  version: 5.2.1
  resolution: "safe-buffer@npm:5.2.1"
  checksum: 0bb57f0d8f9d1fa4fe35ad8a2db1f83a027d48f2822d59ede88fd5cd4ddad83c0b497213feb7a70fbf90597a70c5217f735b0eb1850df40ce9b4ae81dd22b3f9
  languageName: node
  linkType: hard

"semver@npm:^7.3.2":
  version: 7.3.2
  resolution: "semver@npm:7.3.2"
  bin:
    semver: bin/semver.js
  checksum: bceb46d396d039afb5be2b2860bce1b0a43ecbadc72dde7ebe9c56dd9035ca50d9b8e086208ff9bbe53773ebde0bcfc6fc0842d7358398bca7054bb9ced801e3
  languageName: node
  linkType: hard

"string_decoder@npm:^1.1.1":
  version: 1.3.0
  resolution: "string_decoder@npm:1.3.0"
  dependencies:
    safe-buffer: ~5.2.0
  checksum: 0a09afb610cb538707fcf0a50a080f159040529eabdba82f23b04f1d1f90adf9ba18cc3800231c6ab2ee55dece047f4bed87c56da52b2afd85c3c7fb73eb7e48
  languageName: node
  linkType: hard

"superagent@npm:^5.3.1":
  version: 5.3.1
  resolution: "superagent@npm:5.3.1"
  dependencies:
    component-emitter: ^1.3.0
    cookiejar: ^2.1.2
    debug: ^4.1.1
    fast-safe-stringify: ^2.0.7
    form-data: ^3.0.0
    formidable: ^1.2.2
    methods: ^1.1.2
    mime: ^2.4.6
    qs: ^6.9.4
    readable-stream: ^3.6.0
    semver: ^7.3.2
  checksum: 369d3727aa400b590854481a4811d7ed4a8224f3ce3ec4a1dac92f573345d3785f173c7cb822560b8a799b9981dcef16c19d1bf175f5e72cc555695d20588e16
  languageName: node
  linkType: hard

"typescript-sdk@workspace:.":
  version: 0.0.0-use.local
  resolution: "typescript-sdk@workspace:."
  dependencies:
    superagent: ^5.3.1
  languageName: unknown
  linkType: soft

"util-deprecate@npm:^1.0.1":
  version: 1.0.2
  resolution: "util-deprecate@npm:1.0.2"
  checksum: 73c2b1cf0210ccac300645384d8443cabbd93194117b2dc1b3bae8d8279ad39aedac857e020c4ea505e96a1045059c7359db3df6a9df0be6b8584166c9d61dc9
  languageName: node
  linkType: hard
